{
  "name": "rainbow-gif",
  "version": "1.0.0",
  "lockfileVersion": 1,
  "requires": true,
  "dependencies": {
    "@tokenizer/token": {
      "version": "0.3.0",
      "resolved": "https://artifactory.g.devqa.gcp.dev.paypalinc.com/artifactory/api/npm/npm-all/@tokenizer/token/-/token-0.3.0.tgz",
      "integrity": "sha1-/pipP+eJJH6ZjHXnTpx8YyF6onY="
    },
    "color-lib": {
      "version": "github:bryclee/color-lib#c6341dba7e4173ec4dd32e1c055d4987bdc205cb",
      "from": "github:bryclee/color-lib"
    },
    "file-type": {
      "version": "16.5.3",
      "resolved": "https://artifactory.g.devqa.gcp.dev.paypalinc.com/artifactory/api/npm/npm-all/file-type/-/file-type-16.5.3.tgz",
      "integrity": "sha1-R0t+iMdHJARqu1Bem47U2zDE/AY=",
      "requires": {
        "readable-web-to-node-stream": "^3.0.0",
        "strtok3": "^6.2.4",
        "token-types": "^4.1.1"
      }
    },
    "ieee754": {
      "version": "1.2.1",
      "resolved": "https://artifactory.g.devqa.gcp.dev.paypalinc.com/artifactory/api/npm/npm-all/ieee754/-/ieee754-1.2.1.tgz",
      "integrity": "sha1-jrehCmP/8l0VpXsAFYbRd9Gw01I="
    },
    "inherits": {
      "version": "2.0.4",
      "resolved": "https://artifactory.g.devqa.gcp.dev.paypalinc.com/artifactory/api/npm/npm-all/inherits/-/inherits-2.0.4.tgz",
      "integrity": "sha1-D6LGT5MpF8NDOg3tVTY6rjdBa3w="
    },
    "jpeg-js": {
      "version": "0.4.3",
      "resolved": "https://artifactory.g.devqa.gcp.dev.paypalinc.com/artifactory/api/npm/npm-all/jpeg-js/-/jpeg-js-0.4.3.tgz",
      "integrity": "sha1-YVjgnxmDrXc4E3BL6AaAVQ7/l3s="
    },
    "neuquant-js": {
      "version": "0.2.1",
      "resolved": "https://artifactory.g.devqa.gcp.dev.paypalinc.com/artifactory/api/npm/npm-all/neuquant-js/-/neuquant-js-0.2.1.tgz",
      "integrity": "sha1-TarxLnHBiKT7YEp/9OhXWqyvZLQ=",
      "requires": {
        "pixel-stream": "^1.0.3"
      }
    },
    "omggif": {
      "version": "1.0.10",
      "resolved": "https://artifactory.g.devqa.gcp.dev.paypalinc.com/artifactory/api/npm/npm-all/omggif/-/omggif-1.0.10.tgz",
      "integrity": "sha1-3ar5DUpC9TLp58s6lezdR/F8exk="
    },
    "peek-readable": {
      "version": "4.0.1",
      "resolved": "https://artifactory.g.devqa.gcp.dev.paypalinc.com/artifactory/api/npm/npm-all/peek-readable/-/peek-readable-4.0.1.tgz",
      "integrity": "sha1-mgRfKR2yVBEcNBLBzk/sJ93U0gI="
    },
    "pixel-stream": {
      "version": "1.0.3",
      "resolved": "https://artifactory.g.devqa.gcp.dev.paypalinc.com/artifactory/api/npm/npm-all/pixel-stream/-/pixel-stream-1.0.3.tgz",
      "integrity": "sha1-U+jFSyHVUIOTtTvLMrZKd1Xx+l4=",
      "requires": {
        "shallow-copy": "0.0.1"
      }
    },
    "pngjs": {
      "version": "6.0.0",
      "resolved": "https://artifactory.g.devqa.gcp.dev.paypalinc.com/artifactory/api/npm/npm-all/pngjs/-/pngjs-6.0.0.tgz",
      "integrity": "sha1-yp5dKqSNsCKKUsQZwzCOh3INqCE="
    },
    "readable-stream": {
      "version": "3.6.0",
      "resolved": "https://artifactory.g.devqa.gcp.dev.paypalinc.com/artifactory/api/npm/npm-all/readable-stream/-/readable-stream-3.6.0.tgz",
      "integrity": "sha1-M3u9o63AcGvT4CRCaihtS0sskZg=",
      "requires": {
        "inherits": "^2.0.3",
        "string_decoder": "^1.1.1",
        "util-deprecate": "^1.0.1"
      }
    },
    "readable-web-to-node-stream": {
      "version": "3.0.2",
      "resolved": "https://artifactory.g.devqa.gcp.dev.paypalinc.com/artifactory/api/npm/npm-all/readable-web-to-node-stream/-/readable-web-to-node-stream-3.0.2.tgz",
      "integrity": "sha1-XVK7Xfe1SGH9SNAV6TosuHs+4Ls=",
      "requires": {
        "readable-stream": "^3.6.0"
      }
    },
    "safe-buffer": {
      "version": "5.2.1",
      "resolved": "https://artifactory.g.devqa.gcp.dev.paypalinc.com/artifactory/api/npm/npm-all/safe-buffer/-/safe-buffer-5.2.1.tgz",
      "integrity": "sha1-Hq+fqb2x/dTsdfWPnNtOa3gn7sY="
    },
    "shallow-copy": {
      "version": "0.0.1",
      "resolved": "https://artifactory.g.devqa.gcp.dev.paypalinc.com/artifactory/api/npm/npm-all/shallow-copy/-/shallow-copy-0.0.1.tgz",
      "integrity": "sha1-QV9CcC1z2BAzApLMXuhurhoRoXA="
    },
    "string_decoder": {
      "version": "1.3.0",
      "resolved": "https://artifactory.g.devqa.gcp.dev.paypalinc.com/artifactory/api/npm/npm-all/string_decoder/-/string_decoder-1.3.0.tgz",
      "integrity": "sha1-QvEUWUpGzxqOMLCoT1bHjD7awh4=",
      "requires": {
        "safe-buffer": "~5.2.0"
      }
    },
    "strtok3": {
      "version": "6.2.4",
      "resolved": "https://artifactory.g.devqa.gcp.dev.paypalinc.com/artifactory/api/npm/npm-all/strtok3/-/strtok3-6.2.4.tgz",
      "integrity": "sha1-MCrqZMD6JdEqA4UGm6ZiU/3DioE=",
      "requires": {
        "@tokenizer/token": "^0.3.0",
        "peek-readable": "^4.0.1"
      }
    },
    "token-types": {
      "version": "4.1.1",
      "resolved": "https://artifactory.g.devqa.gcp.dev.paypalinc.com/artifactory/api/npm/npm-all/token-types/-/token-types-4.1.1.tgz",
      "integrity": "sha1-756Mji4N7Z8bP426pGoyKLETuho=",
      "requires": {
        "@tokenizer/token": "^0.3.0",
        "ieee754": "^1.2.1"
      }
    },
    "util-deprecate": {
      "version": "1.0.2",
      "resolved": "https://artifactory.g.devqa.gcp.dev.paypalinc.com/artifactory/api/npm/npm-all/util-deprecate/-/util-deprecate-1.0.2.tgz",
      "integrity": "sha1-RQ1Nyfpw3nMnYvvS1KKJgUGaDM8="
    }
  }
}
